
Microsoft Visual Studio Solution File, Format Version 12.00
# Visual Studio Version 17
VisualStudioVersion = 17.14.36301.6
MinimumVisualStudioVersion = 10.0.40219.1
Project("{2150E333-8FDC-42A3-9474-1A3956D46DE8}") = "Users", "Users", "{02EA681E-C7D8-13C7-8484-4AC65E1B71E8}"
EndProject
Project("{2150E333-8FDC-42A3-9474-1A3956D46DE8}") = "Flights", "Flights", "{62551E40-F74B-4E6A-8DEE-4E6D24B0AF24}"
EndProject
Project("{2150E333-8FDC-42A3-9474-1A3956D46DE8}") = "Invoices", "Invoices", "{30EBD3CD-BF6B-4324-8E98-20307908EBC5}"
EndProject
Project("{2150E333-8FDC-42A3-9474-1A3956D46DE8}") = "Notifications", "Notifications", "{F84F1FCD-69D7-47F0-BCFB-A6DD6B230542}"
EndProject
Project("{FAE04EC0-301F-11D3-BF4B-00C04F79EFBC}") = "AirlineBookingSystem.Flights.API", "AirlineBookingSystem.Flights.API\AirlineBookingSystem.Flights.API.csproj", "{B1D21087-9535-45F7-A78A-F2A8CF58054C}"
EndProject
Project("{FAE04EC0-301F-11D3-BF4B-00C04F79EFBC}") = "AirlineBookingSystem.Flights.Core", "AirlineBookingSystem.Flights.Core\AirlineBookingSystem.Flights.Core.csproj", "{FC787428-4CFB-49D3-877B-54696CE64F64}"
EndProject
Project("{FAE04EC0-301F-11D3-BF4B-00C04F79EFBC}") = "AirlineBookingSystem.Flights.Infrastructure", "AirlineBookingSystem.Flights.Infrastructure\AirlineBookingSystem.Flights.Infrastructure.csproj", "{C359A056-118D-487D-880C-72D8946AE1C6}"
EndProject
Project("{FAE04EC0-301F-11D3-BF4B-00C04F79EFBC}") = "AirlineBookingSystem.Flights.Application", "AirlineBookingSystem.Flights.Application\AirlineBookingSystem.Flights.Application.csproj", "{343133D2-1239-4F28-A6A1-327D00079CAB}"
EndProject
Project("{FAE04EC0-301F-11D3-BF4B-00C04F79EFBC}") = "AirlineBookingSystem.Users.API", "AirlineBookingSystem.Users.API\AirlineBookingSystem.Users.API.csproj", "{3613D595-3F5E-4697-814F-C805E3C8BD7D}"
EndProject
Project("{FAE04EC0-301F-11D3-BF4B-00C04F79EFBC}") = "AirlineBookingSystem.Users.Application", "AirlineBookingSystem.Users.Application\AirlineBookingSystem.Users.Application.csproj", "{D20820FE-2C98-4E97-988B-1E961D90D408}"
EndProject
Project("{FAE04EC0-301F-11D3-BF4B-00C04F79EFBC}") = "AirlineBookingSystem.Users.Core", "AirlineBookingSystem.Users.Core\AirlineBookingSystem.Users.Core.csproj", "{DD20E57C-9672-499C-9317-676B1E52C95A}"
EndProject
Project("{FAE04EC0-301F-11D3-BF4B-00C04F79EFBC}") = "AirlineBookingSystem.Users.Infrastructure", "AirlineBookingSystem.Users.Infrastructure\AirlineBookingSystem.Users.Infrastructure.csproj", "{D2932FEA-2204-4390-A7B1-18480A7811A1}"
EndProject
Project("{FAE04EC0-301F-11D3-BF4B-00C04F79EFBC}") = "AirlineBookingSystem.Notifications.Application", "AirlineBookingSystem.Notifications.Application\AirlineBookingSystem.Notifications.Application.csproj", "{C412A1F7-6551-4214-A112-06E750B98C75}"
EndProject
Project("{FAE04EC0-301F-11D3-BF4B-00C04F79EFBC}") = "AirlineBookingSystem.Invoices.Application", "AirlineBookingSystem.Invoices.Application\AirlineBookingSystem.Invoices.Application.csproj", "{FA872AC7-A19B-4361-A249-B04EA4F8FBBF}"
EndProject
Project("{FAE04EC0-301F-11D3-BF4B-00C04F79EFBC}") = "AirlineBookingSystem.Invoices.Core", "AirlineBookingSystem.Invoices.Core\AirlineBookingSystem.Invoices.Core.csproj", "{5831E8F4-7051-40C1-ABCB-CAB254E7A16F}"
EndProject
Project("{FAE04EC0-301F-11D3-BF4B-00C04F79EFBC}") = "AirlineBookingSystem.Invoices.Infrastructure", "AirlineBookingSystem.Invoices.Infrastructure\AirlineBookingSystem.Invoices.Infrastructure.csproj", "{0E4668B8-4CE9-43CE-A595-75CC93F1BEFB}"
EndProject
Project("{FAE04EC0-301F-11D3-BF4B-00C04F79EFBC}") = "AirlineBookingSystem.Invoices.API", "AirlineBookingSystem.Invoices.API\AirlineBookingSystem.Invoices.API.csproj", "{A5A5F5B6-B576-4FEB-927A-15A70FC7B347}"
EndProject
Project("{2150E333-8FDC-42A3-9474-1A3956D46DE8}") = "BuildingBlocks", "BuildingBlocks", "{1A9439C1-DE01-498A-B0EA-02A305425E2E}"
EndProject
Project("{FAE04EC0-301F-11D3-BF4B-00C04F79EFBC}") = "EventBus", "EventBus\EventBus.csproj", "{0472852B-3930-4C47-9EED-0EFB9E6D31D4}"
EndProject
Project("{FAE04EC0-301F-11D3-BF4B-00C04F79EFBC}") = "Contracts", "Contracts\Contracts.csproj", "{7523ABA6-776F-4B19-A59F-EEFB420B1F86}"
EndProject
Project("{2150E333-8FDC-42A3-9474-1A3956D46DE8}") = "Services", "Services", "{F5E7DE1F-5D9F-4558-93F0-BD24F5312C05}"
EndProject
Project("{FAE04EC0-301F-11D3-BF4B-00C04F79EFBC}") = "AirlineBookingSystem.Notifications.API", "AirlineBookingSystem.Notifications.API\AirlineBookingSystem.Notifications.API.csproj", "{0738FE37-2545-45EB-8A46-FF82497E1FB1}"
EndProject
Project("{2150E333-8FDC-42A3-9474-1A3956D46DE8}") = "Global", "Global", "{E488F20E-7DA8-4160-9A4B-625B2734EA65}"
EndProject
Project("{FAE04EC0-301F-11D3-BF4B-00C04F79EFBC}") = "AirlineBookingSystem.Global.ErrorHandlingService", "AirlineBookingSystem.Global.ErrorHandlingService\AirlineBookingSystem.Global.ErrorHandlingService.csproj", "{E322FE62-2C2C-4904-A0AB-79056280A8B8}"
EndProject
Project("{FAE04EC0-301F-11D3-BF4B-00C04F79EFBC}") = "AirlineBookingSystem.Global.ErrorHandlingService.Web", "AirlineBookingSystem.Global.ErrorHandlingService.Web\AirlineBookingSystem.Global.ErrorHandlingService.Web.csproj", "{DE58888E-55A3-469A-92A3-9C20340DFAED}"
EndProject
Global
	GlobalSection(SolutionConfigurationPlatforms) = preSolution
		Debug|Any CPU = Debug|Any CPU
		Release|Any CPU = Release|Any CPU
	EndGlobalSection
	GlobalSection(ProjectConfigurationPlatforms) = postSolution
		{B1D21087-9535-45F7-A78A-F2A8CF58054C}.Debug|Any CPU.ActiveCfg = Debug|Any CPU
		{B1D21087-9535-45F7-A78A-F2A8CF58054C}.Debug|Any CPU.Build.0 = Debug|Any CPU
		{B1D21087-9535-45F7-A78A-F2A8CF58054C}.Release|Any CPU.ActiveCfg = Release|Any CPU
		{B1D21087-9535-45F7-A78A-F2A8CF58054C}.Release|Any CPU.Build.0 = Release|Any CPU
		{FC787428-4CFB-49D3-877B-54696CE64F64}.Debug|Any CPU.ActiveCfg = Debug|Any CPU
		{FC787428-4CFB-49D3-877B-54696CE64F64}.Debug|Any CPU.Build.0 = Debug|Any CPU
		{FC787428-4CFB-49D3-877B-54696CE64F64}.Release|Any CPU.ActiveCfg = Release|Any CPU
		{FC787428-4CFB-49D3-877B-54696CE64F64}.Release|Any CPU.Build.0 = Release|Any CPU
		{C359A056-118D-487D-880C-72D8946AE1C6}.Debug|Any CPU.ActiveCfg = Debug|Any CPU
		{C359A056-118D-487D-880C-72D8946AE1C6}.Debug|Any CPU.Build.0 = Debug|Any CPU
		{C359A056-118D-487D-880C-72D8946AE1C6}.Release|Any CPU.ActiveCfg = Release|Any CPU
		{C359A056-118D-487D-880C-72D8946AE1C6}.Release|Any CPU.Build.0 = Release|Any CPU
		{343133D2-1239-4F28-A6A1-327D00079CAB}.Debug|Any CPU.ActiveCfg = Debug|Any CPU
		{343133D2-1239-4F28-A6A1-327D00079CAB}.Debug|Any CPU.Build.0 = Debug|Any CPU
		{343133D2-1239-4F28-A6A1-327D00079CAB}.Release|Any CPU.ActiveCfg = Release|Any CPU
		{343133D2-1239-4F28-A6A1-327D00079CAB}.Release|Any CPU.Build.0 = Release|Any CPU
		{3613D595-3F5E-4697-814F-C805E3C8BD7D}.Debug|Any CPU.ActiveCfg = Debug|Any CPU
		{3613D595-3F5E-4697-814F-C805E3C8BD7D}.Debug|Any CPU.Build.0 = Debug|Any CPU
		{3613D595-3F5E-4697-814F-C805E3C8BD7D}.Release|Any CPU.ActiveCfg = Release|Any CPU
		{3613D595-3F5E-4697-814F-C805E3C8BD7D}.Release|Any CPU.Build.0 = Release|Any CPU
		{D20820FE-2C98-4E97-988B-1E961D90D408}.Debug|Any CPU.ActiveCfg = Debug|Any CPU
		{D20820FE-2C98-4E97-988B-1E961D90D408}.Debug|Any CPU.Build.0 = Debug|Any CPU
		{D20820FE-2C98-4E97-988B-1E961D90D408}.Release|Any CPU.ActiveCfg = Release|Any CPU
		{D20820FE-2C98-4E97-988B-1E961D90D408}.Release|Any CPU.Build.0 = Release|Any CPU
		{DD20E57C-9672-499C-9317-676B1E52C95A}.Debug|Any CPU.ActiveCfg = Debug|Any CPU
		{DD20E57C-9672-499C-9317-676B1E52C95A}.Debug|Any CPU.Build.0 = Debug|Any CPU
		{DD20E57C-9672-499C-9317-676B1E52C95A}.Release|Any CPU.ActiveCfg = Release|Any CPU
		{DD20E57C-9672-499C-9317-676B1E52C95A}.Release|Any CPU.Build.0 = Release|Any CPU
		{D2932FEA-2204-4390-A7B1-18480A7811A1}.Debug|Any CPU.ActiveCfg = Debug|Any CPU
		{D2932FEA-2204-4390-A7B1-18480A7811A1}.Debug|Any CPU.Build.0 = Debug|Any CPU
		{D2932FEA-2204-4390-A7B1-18480A7811A1}.Release|Any CPU.ActiveCfg = Release|Any CPU
		{D2932FEA-2204-4390-A7B1-18480A7811A1}.Release|Any CPU.Build.0 = Release|Any CPU
		{C412A1F7-6551-4214-A112-06E750B98C75}.Debug|Any CPU.ActiveCfg = Debug|Any CPU
		{C412A1F7-6551-4214-A112-06E750B98C75}.Debug|Any CPU.Build.0 = Debug|Any CPU
		{C412A1F7-6551-4214-A112-06E750B98C75}.Release|Any CPU.ActiveCfg = Release|Any CPU
		{C412A1F7-6551-4214-A112-06E750B98C75}.Release|Any CPU.Build.0 = Release|Any CPU
		{FA872AC7-A19B-4361-A249-B04EA4F8FBBF}.Debug|Any CPU.ActiveCfg = Debug|Any CPU
		{FA872AC7-A19B-4361-A249-B04EA4F8FBBF}.Debug|Any CPU.Build.0 = Debug|Any CPU
		{FA872AC7-A19B-4361-A249-B04EA4F8FBBF}.Release|Any CPU.ActiveCfg = Release|Any CPU
		{FA872AC7-A19B-4361-A249-B04EA4F8FBBF}.Release|Any CPU.Build.0 = Release|Any CPU
		{5831E8F4-7051-40C1-ABCB-CAB254E7A16F}.Debug|Any CPU.ActiveCfg = Debug|Any CPU
		{5831E8F4-7051-40C1-ABCB-CAB254E7A16F}.Debug|Any CPU.Build.0 = Debug|Any CPU
		{5831E8F4-7051-40C1-ABCB-CAB254E7A16F}.Release|Any CPU.ActiveCfg = Release|Any CPU
		{5831E8F4-7051-40C1-ABCB-CAB254E7A16F}.Release|Any CPU.Build.0 = Release|Any CPU
		{0E4668B8-4CE9-43CE-A595-75CC93F1BEFB}.Debug|Any CPU.ActiveCfg = Debug|Any CPU
		{0E4668B8-4CE9-43CE-A595-75CC93F1BEFB}.Debug|Any CPU.Build.0 = Debug|Any CPU
		{0E4668B8-4CE9-43CE-A595-75CC93F1BEFB}.Release|Any CPU.ActiveCfg = Release|Any CPU
		{0E4668B8-4CE9-43CE-A595-75CC93F1BEFB}.Release|Any CPU.Build.0 = Release|Any CPU
		{A5A5F5B6-B576-4FEB-927A-15A70FC7B347}.Debug|Any CPU.ActiveCfg = Debug|Any CPU
		{A5A5F5B6-B576-4FEB-927A-15A70FC7B347}.Debug|Any CPU.Build.0 = Debug|Any CPU
		{A5A5F5B6-B576-4FEB-927A-15A70FC7B347}.Release|Any CPU.ActiveCfg = Release|Any CPU
		{A5A5F5B6-B576-4FEB-927A-15A70FC7B347}.Release|Any CPU.Build.0 = Release|Any CPU
		{0472852B-3930-4C47-9EED-0EFB9E6D31D4}.Debug|Any CPU.ActiveCfg = Debug|Any CPU
		{0472852B-3930-4C47-9EED-0EFB9E6D31D4}.Debug|Any CPU.Build.0 = Debug|Any CPU
		{0472852B-3930-4C47-9EED-0EFB9E6D31D4}.Release|Any CPU.ActiveCfg = Release|Any CPU
		{0472852B-3930-4C47-9EED-0EFB9E6D31D4}.Release|Any CPU.Build.0 = Release|Any CPU
		{7523ABA6-776F-4B19-A59F-EEFB420B1F86}.Debug|Any CPU.ActiveCfg = Debug|Any CPU
		{7523ABA6-776F-4B19-A59F-EEFB420B1F86}.Debug|Any CPU.Build.0 = Debug|Any CPU
		{7523ABA6-776F-4B19-A59F-EEFB420B1F86}.Release|Any CPU.ActiveCfg = Release|Any CPU
		{7523ABA6-776F-4B19-A59F-EEFB420B1F86}.Release|Any CPU.Build.0 = Release|Any CPU
		{0738FE37-2545-45EB-8A46-FF82497E1FB1}.Debug|Any CPU.ActiveCfg = Debug|Any CPU
		{0738FE37-2545-45EB-8A46-FF82497E1FB1}.Debug|Any CPU.Build.0 = Debug|Any CPU
		{0738FE37-2545-45EB-8A46-FF82497E1FB1}.Release|Any CPU.ActiveCfg = Release|Any CPU
		{0738FE37-2545-45EB-8A46-FF82497E1FB1}.Release|Any CPU.Build.0 = Release|Any CPU
		{E322FE62-2C2C-4904-A0AB-79056280A8B8}.Debug|Any CPU.ActiveCfg = Debug|Any CPU
		{E322FE62-2C2C-4904-A0AB-79056280A8B8}.Debug|Any CPU.Build.0 = Debug|Any CPU
		{E322FE62-2C2C-4904-A0AB-79056280A8B8}.Release|Any CPU.ActiveCfg = Release|Any CPU
		{E322FE62-2C2C-4904-A0AB-79056280A8B8}.Release|Any CPU.Build.0 = Release|Any CPU
		{DE58888E-55A3-469A-92A3-9C20340DFAED}.Debug|Any CPU.ActiveCfg = Debug|Any CPU
		{DE58888E-55A3-469A-92A3-9C20340DFAED}.Debug|Any CPU.Build.0 = Debug|Any CPU
		{DE58888E-55A3-469A-92A3-9C20340DFAED}.Release|Any CPU.ActiveCfg = Release|Any CPU
		{DE58888E-55A3-469A-92A3-9C20340DFAED}.Release|Any CPU.Build.0 = Release|Any CPU
	EndGlobalSection
	GlobalSection(SolutionProperties) = preSolution
		HideSolutionNode = FALSE
	EndGlobalSection
	GlobalSection(NestedProjects) = preSolution
		{02EA681E-C7D8-13C7-8484-4AC65E1B71E8} = {F5E7DE1F-5D9F-4558-93F0-BD24F5312C05}
		{62551E40-F74B-4E6A-8DEE-4E6D24B0AF24} = {F5E7DE1F-5D9F-4558-93F0-BD24F5312C05}
		{30EBD3CD-BF6B-4324-8E98-20307908EBC5} = {F5E7DE1F-5D9F-4558-93F0-BD24F5312C05}
		{F84F1FCD-69D7-47F0-BCFB-A6DD6B230542} = {F5E7DE1F-5D9F-4558-93F0-BD24F5312C05}
		{B1D21087-9535-45F7-A78A-F2A8CF58054C} = {62551E40-F74B-4E6A-8DEE-4E6D24B0AF24}
		{FC787428-4CFB-49D3-877B-54696CE64F64} = {62551E40-F74B-4E6A-8DEE-4E6D24B0AF24}
		{C359A056-118D-487D-880C-72D8946AE1C6} = {62551E40-F74B-4E6A-8DEE-4E6D24B0AF24}
		{343133D2-1239-4F28-A6A1-327D00079CAB} = {62551E40-F74B-4E6A-8DEE-4E6D24B0AF24}
		{3613D595-3F5E-4697-814F-C805E3C8BD7D} = {02EA681E-C7D8-13C7-8484-4AC65E1B71E8}
		{D20820FE-2C98-4E97-988B-1E961D90D408} = {02EA681E-C7D8-13C7-8484-4AC65E1B71E8}
		{DD20E57C-9672-499C-9317-676B1E52C95A} = {02EA681E-C7D8-13C7-8484-4AC65E1B71E8}
		{D2932FEA-2204-4390-A7B1-18480A7811A1} = {02EA681E-C7D8-13C7-8484-4AC65E1B71E8}
		{C412A1F7-6551-4214-A112-06E750B98C75} = {F84F1FCD-69D7-47F0-BCFB-A6DD6B230542}
		{FA872AC7-A19B-4361-A249-B04EA4F8FBBF} = {30EBD3CD-BF6B-4324-8E98-20307908EBC5}
		{5831E8F4-7051-40C1-ABCB-CAB254E7A16F} = {30EBD3CD-BF6B-4324-8E98-20307908EBC5}
		{0E4668B8-4CE9-43CE-A595-75CC93F1BEFB} = {30EBD3CD-BF6B-4324-8E98-20307908EBC5}
		{A5A5F5B6-B576-4FEB-927A-15A70FC7B347} = {30EBD3CD-BF6B-4324-8E98-20307908EBC5}
		{0472852B-3930-4C47-9EED-0EFB9E6D31D4} = {1A9439C1-DE01-498A-B0EA-02A305425E2E}
		{7523ABA6-776F-4B19-A59F-EEFB420B1F86} = {1A9439C1-DE01-498A-B0EA-02A305425E2E}
		{0738FE37-2545-45EB-8A46-FF82497E1FB1} = {F84F1FCD-69D7-47F0-BCFB-A6DD6B230542}
		{E322FE62-2C2C-4904-A0AB-79056280A8B8} = {E488F20E-7DA8-4160-9A4B-625B2734EA65}
		{DE58888E-55A3-469A-92A3-9C20340DFAED} = {E488F20E-7DA8-4160-9A4B-625B2734EA65}
	EndGlobalSection
	GlobalSection(ExtensibilityGlobals) = postSolution
		SolutionGuid = {DD9C51C5-6505-4FCA-A4CB-9FB037BE56FE}
	EndGlobalSection
EndGlobal
